// !$*UTF8*$!
{
	archiveVersion = 1;
	classes = {
	};
	objectVersion = 77;
	objects = {

/* Begin PBXBuildFile section */
		3F71E64E2EBA4E2A00D05EDC /* RankingViewController.swift in Sources */ = {isa = PBXBuildFile; fileRef = 3F71E64D2EBA4E2A00D05EDC /* RankingViewController.swift */; };
		C133340D2CE0CFD4008F9E67 /* Assets.xcassets in Resources */ = {isa = PBXBuildFile; fileRef = C13334042CE0CFD4008F9E67 /* Assets.xcassets */; };
		C133340F2CE0CFD4008F9E67 /* LaunchScreen.storyboard in Resources */ = {isa = PBXBuildFile; fileRef = C13334072CE0CFD4008F9E67 /* LaunchScreen.storyboard */; };
		C13334102CE0CFD4008F9E67 /* Main.storyboard in Resources */ = {isa = PBXBuildFile; fileRef = C13334092CE0CFD4008F9E67 /* Main.storyboard */; };
		C13334112CE0CFD4008F9E67 /* AppDelegate.swift in Sources */ = {isa = PBXBuildFile; fileRef = C13334032CE0CFD4008F9E67 /* AppDelegate.swift */; };
		C13334122CE0CFD4008F9E67 /* SceneDelegate.swift in Sources */ = {isa = PBXBuildFile; fileRef = C133340A2CE0CFD4008F9E67 /* SceneDelegate.swift */; };
		C13334132CE0CFD4008F9E67 /* ViewController.swift in Sources */ = {isa = PBXBuildFile; fileRef = C133340B2CE0CFD4008F9E67 /* ViewController.swift */; };
		C1F3D7482CE24CAA00F1C0B4 /* Localizable.xcstrings in Resources */ = {isa = PBXBuildFile; fileRef = C1F3D7472CE24CAA00F1C0B4 /* Localizable.xcstrings */; };
		C1F3D74A2CE24D0B00F1C0B4 /* TriviaGameViewController.swift in Sources */ = {isa = PBXBuildFile; fileRef = C1F3D7492CE24D0B00F1C0B4 /* TriviaGameViewController.swift */; };
		C1F3D7502CE24D8700F1C0B4 /* TriviaQuestion.swift in Sources */ = {isa = PBXBuildFile; fileRef = C1F3D74F2CE24D8700F1C0B4 /* TriviaQuestion.swift */; };
		C1F3D7522CE24DBF00F1C0B4 /* TriviaGame.swift in Sources */ = {isa = PBXBuildFile; fileRef = C1F3D7512CE24DBF00F1C0B4 /* TriviaGame.swift */; };
		C1F3D7542CE2517800F1C0B4 /* TriviaResultViewController.swift in Sources */ = {isa = PBXBuildFile; fileRef = C1F3D7532CE2517800F1C0B4 /* TriviaResultViewController.swift */; };
		C1F3D7592CE254A000F1C0B4 /* ScoreEntry.swift in Sources */ = {isa = PBXBuildFile; fileRef = C1F3D7582CE254A000F1C0B4 /* ScoreEntry.swift */; };
		C1F3D75E2CE2550D00F1C0B4 /* RealmSwift in Frameworks */ = {isa = PBXBuildFile; productRef = C1F3D75D2CE2550D00F1C0B4 /* RealmSwift */; };
		C1F3D7602CE2554300F1C0B4 /* RankingDataSource.swift in Sources */ = {isa = PBXBuildFile; fileRef = C1F3D75F2CE2554300F1C0B4 /* RankingDataSource.swift */; };
/* End PBXBuildFile section */

/* Begin PBXFileReference section */
		3F71E64D2EBA4E2A00D05EDC /* RankingViewController.swift */ = {isa = PBXFileReference; lastKnownFileType = sourcecode.swift; path = RankingViewController.swift; sourceTree = "<group>"; };
		C13333EB2CE0CF84008F9E67 /* Trivia.app */ = {isa = PBXFileReference; explicitFileType = wrapper.application; includeInIndex = 0; path = Trivia.app; sourceTree = BUILT_PRODUCTS_DIR; };
		C13334032CE0CFD4008F9E67 /* AppDelegate.swift */ = {isa = PBXFileReference; lastKnownFileType = sourcecode.swift; path = AppDelegate.swift; sourceTree = "<group>"; };
		C13334042CE0CFD4008F9E67 /* Assets.xcassets */ = {isa = PBXFileReference; lastKnownFileType = folder.assetcatalog; path = Assets.xcassets; sourceTree = "<group>"; };
		C13334052CE0CFD4008F9E67 /* Info.plist */ = {isa = PBXFileReference; lastKnownFileType = text.plist.xml; path = Info.plist; sourceTree = "<group>"; };
		C13334062CE0CFD4008F9E67 /* Base */ = {isa = PBXFileReference; lastKnownFileType = file.storyboard; name = Base; path = Base.lproj/LaunchScreen.storyboard; sourceTree = "<group>"; };
		C13334082CE0CFD4008F9E67 /* Base */ = {isa = PBXFileReference; lastKnownFileType = file.storyboard; name = Base; path = Base.lproj/Main.storyboard; sourceTree = "<group>"; };
		C133340A2CE0CFD4008F9E67 /* SceneDelegate.swift */ = {isa = PBXFileReference; lastKnownFileType = sourcecode.swift; path = SceneDelegate.swift; sourceTree = "<group>"; };
		C133340B2CE0CFD4008F9E67 /* ViewController.swift */ = {isa = PBXFileReference; lastKnownFileType = sourcecode.swift; path = ViewController.swift; sourceTree = "<group>"; };
		C1F3D7472CE24CAA00F1C0B4 /* Localizable.xcstrings */ = {isa = PBXFileReference; lastKnownFileType = text.json.xcstrings; path = Localizable.xcstrings; sourceTree = "<group>"; };
		C1F3D7492CE24D0B00F1C0B4 /* TriviaGameViewController.swift */ = {isa = PBXFileReference; lastKnownFileType = sourcecode.swift; path = TriviaGameViewController.swift; sourceTree = "<group>"; };
		C1F3D74F2CE24D8700F1C0B4 /* TriviaQuestion.swift */ = {isa = PBXFileReference; lastKnownFileType = sourcecode.swift; path = TriviaQuestion.swift; sourceTree = "<group>"; };
		C1F3D7512CE24DBF00F1C0B4 /* TriviaGame.swift */ = {isa = PBXFileReference; lastKnownFileType = sourcecode.swift; path = TriviaGame.swift; sourceTree = "<group>"; };
		C1F3D7532CE2517800F1C0B4 /* TriviaResultViewController.swift */ = {isa = PBXFileReference; lastKnownFileType = sourcecode.swift; path = TriviaResultViewController.swift; sourceTree = "<group>"; };
		C1F3D7582CE254A000F1C0B4 /* ScoreEntry.swift */ = {isa = PBXFileReference; lastKnownFileType = sourcecode.swift; path = ScoreEntry.swift; sourceTree = "<group>"; };
		C1F3D75F2CE2554300F1C0B4 /* RankingDataSource.swift */ = {isa = PBXFileReference; lastKnownFileType = sourcecode.swift; path = RankingDataSource.swift; sourceTree = "<group>"; };
/* End PBXFileReference section */

/* Begin PBXFrameworksBuildPhase section */
		C13333E82CE0CF84008F9E67 /* Frameworks */ = {
			isa = PBXFrameworksBuildPhase;
			buildActionMask = 2147483647;
			files = (
				C1F3D75E2CE2550D00F1C0B4 /* RealmSwift in Frameworks */,
			);
			runOnlyForDeploymentPostprocessing = 0;
		};
/* End PBXFrameworksBuildPhase section */

/* Begin PBXGroup section */
		C13333E22CE0CF84008F9E67 = {
			isa = PBXGroup;
			children = (
				C133340C2CE0CFD4008F9E67 /* Trivia */,
				C13333EC2CE0CF84008F9E67 /* Products */,
			);
			sourceTree = "<group>";
		};
		C13333EC2CE0CF84008F9E67 /* Products */ = {
			isa = PBXGroup;
			children = (
				C13333EB2CE0CF84008F9E67 /* Trivia.app */,
			);
			name = Products;
			sourceTree = "<group>";
		};
		C133340C2CE0CFD4008F9E67 /* Trivia */ = {
			isa = PBXGroup;
			children = (
				C1F3D7552CE253E300F1C0B4 /* Ranking */,
				C1F3D74E2CE24D7600F1C0B4 /* Trivia */,
				C13334142CE0CFD6008F9E67 /* Home */,
				C13334152CE0D048008F9E67 /* UI */,
				C13334162CE0D054008F9E67 /* SupportingFiles */,
				C13334032CE0CFD4008F9E67 /* AppDelegate.swift */,
				C133340A2CE0CFD4008F9E67 /* SceneDelegate.swift */,
				C13334052CE0CFD4008F9E67 /* Info.plist */,
			);
			path = Trivia;
			sourceTree = "<group>";
		};
		C13334142CE0CFD6008F9E67 /* Home */ = {
			isa = PBXGroup;
			children = (
				C133340B2CE0CFD4008F9E67 /* ViewController.swift */,
			);
			path = Home;
			sourceTree = "<group>";
		};
		C13334152CE0D048008F9E67 /* UI */ = {
			isa = PBXGroup;
			children = (
				C13334072CE0CFD4008F9E67 /* LaunchScreen.storyboard */,
				C13334092CE0CFD4008F9E67 /* Main.storyboard */,
			);
			path = UI;
			sourceTree = "<group>";
		};
		C13334162CE0D054008F9E67 /* SupportingFiles */ = {
			isa = PBXGroup;
			children = (
				C13334042CE0CFD4008F9E67 /* Assets.xcassets */,
				C1F3D7472CE24CAA00F1C0B4 /* Localizable.xcstrings */,
			);
			path = SupportingFiles;
			sourceTree = "<group>";
		};
		C1F3D74E2CE24D7600F1C0B4 /* Trivia */ = {
			isa = PBXGroup;
			children = (
				C1F3D74F2CE24D8700F1C0B4 /* TriviaQuestion.swift */,
				C1F3D7512CE24DBF00F1C0B4 /* TriviaGame.swift */,
				C1F3D7492CE24D0B00F1C0B4 /* TriviaGameViewController.swift */,
				C1F3D7532CE2517800F1C0B4 /* TriviaResultViewController.swift */,
			);
			path = Trivia;
			sourceTree = "<group>";
		};
		C1F3D7552CE253E300F1C0B4 /* Ranking */ = {
			isa = PBXGroup;
			children = (
				C1F3D7582CE254A000F1C0B4 /* ScoreEntry.swift */,
				C1F3D75F2CE2554300F1C0B4 /* RankingDataSource.swift */,
				3F71E64D2EBA4E2A00D05EDC /* RankingViewController.swift */,
			);
			path = Ranking;
			sourceTree = "<group>";
		};
/* End PBXGroup section */

/* Begin PBXNativeTarget section */
		C13333EA2CE0CF84008F9E67 /* Trivia */ = {
			isa = PBXNativeTarget;
			buildConfigurationList = C13333FE2CE0CF86008F9E67 /* Build configuration list for PBXNativeTarget "Trivia" */;
			buildPhases = (
				C13333E72CE0CF84008F9E67 /* Sources */,
				C13333E82CE0CF84008F9E67 /* Frameworks */,
				C13333E92CE0CF84008F9E67 /* Resources */,
			);
			buildRules = (
			);
			dependencies = (
			);
			name = Trivia;
			packageProductDependencies = (
				C1F3D75D2CE2550D00F1C0B4 /* RealmSwift */,
			);
			productName = Trivia;
			productReference = C13333EB2CE0CF84008F9E67 /* Trivia.app */;
			productType = "com.apple.product-type.application";
		};
/* End PBXNativeTarget section */

/* Begin PBXProject section */
		C13333E32CE0CF84008F9E67 /* Project object */ = {
			isa = PBXProject;
			attributes = {
				BuildIndependentTargetsInParallel = 1;
				LastSwiftUpdateCheck = 1610;
				LastUpgradeCheck = 1610;
				TargetAttributes = {
					C13333EA2CE0CF84008F9E67 = {
						CreatedOnToolsVersion = 16.1;
					};
				};
			};
			buildConfigurationList = C13333E62CE0CF84008F9E67 /* Build configuration list for PBXProject "Trivia" */;
			developmentRegion = en;
			hasScannedForEncodings = 0;
			knownRegions = (
				en,
				Base,
			);
			mainGroup = C13333E22CE0CF84008F9E67;
			minimizedProjectReferenceProxies = 1;
			packageReferences = (
				C1F3D75A2CE2550D00F1C0B4 /* XCRemoteSwiftPackageReference "realm-swift" */,
			);
			preferredProjectObjectVersion = 77;
			productRefGroup = C13333EC2CE0CF84008F9E67 /* Products */;
			projectDirPath = "";
			projectRoot = "";
			targets = (
				C13333EA2CE0CF84008F9E67 /* Trivia */,
			);
		};
/* End PBXProject section */

/* Begin PBXResourcesBuildPhase section */
		C13333E92CE0CF84008F9E67 /* Resources */ = {
			isa = PBXResourcesBuildPhase;
			buildActionMask = 2147483647;
			files = (
				C133340D2CE0CFD4008F9E67 /* Assets.xcassets in Resources */,
				C133340F2CE0CFD4008F9E67 /* LaunchScreen.storyboard in Resources */,
				C1F3D7482CE24CAA00F1C0B4 /* Localizable.xcstrings in Resources */,
				C13334102CE0CFD4008F9E67 /* Main.storyboard in Resources */,
			);
			runOnlyForDeploymentPostprocessing = 0;
		};
/* End PBXResourcesBuildPhase section */

/* Begin PBXSourcesBuildPhase section */
		C13333E72CE0CF84008F9E67 /* Sources */ = {
			isa = PBXSourcesBuildPhase;
			buildActionMask = 2147483647;
			files = (
				C13334112CE0CFD4008F9E67 /* AppDelegate.swift in Sources */,
				C1F3D7522CE24DBF00F1C0B4 /* TriviaGame.swift in Sources */,
				C1F3D74A2CE24D0B00F1C0B4 /* TriviaGameViewController.swift in Sources */,
				C1F3D7602CE2554300F1C0B4 /* RankingDataSource.swift in Sources */,
				C1F3D7542CE2517800F1C0B4 /* TriviaResultViewController.swift in Sources */,
				3F71E64E2EBA4E2A00D05EDC /* RankingViewController.swift in Sources */,
				C1F3D7502CE24D8700F1C0B4 /* TriviaQuestion.swift in Sources */,
				C13334122CE0CFD4008F9E67 /* SceneDelegate.swift in Sources */,
				C13334132CE0CFD4008F9E67 /* ViewController.swift in Sources */,
				C1F3D7592CE254A000F1C0B4 /* ScoreEntry.swift in Sources */,
			);
			runOnlyForDeploymentPostprocessing = 0;
		};
/* End PBXSourcesBuildPhase section */

/* Begin PBXVariantGroup section */
		C13334072CE0CFD4008F9E67 /* LaunchScreen.storyboard */ = {
			isa = PBXVariantGroup;
			children = (
				C13334062CE0CFD4008F9E67 /* Base */,
			);
			name = LaunchScreen.storyboard;
			sourceTree = "<group>";
		};
		C13334092CE0CFD4008F9E67 /* Main.storyboard */ = {
			isa = PBXVariantGroup;
			children = (
				C13334082CE0CFD4008F9E67 /* Base */,
			);
			name = Main.storyboard;
			sourceTree = "<group>";
		};
/* End PBXVariantGroup section */

/* Begin XCBuildConfiguration section */
		C13333FF2CE0CF86008F9E67 /* Debug */ = {
			isa = XCBuildConfiguration;
			buildSettings = {
				ASSETCATALOG_COMPILER_APPICON_NAME = AppIcon;
				ASSETCATALOG_COMPILER_GLOBAL_ACCENT_COLOR_NAME = AccentColor;
				CODE_SIGN_STYLE = Automatic;
				CURRENT_PROJECT_VERSION = 1;
				DEVELOPMENT_TEAM = TP657HRV6Y;
				GENERATE_INFOPLIST_FILE = YES;
				INFOPLIST_FILE = Trivia/Info.plist;
				INFOPLIST_KEY_UIApplicationSupportsIndirectInputEvents = YES;
				INFOPLIST_KEY_UILaunchStoryboardName = LaunchScreen;
				INFOPLIST_KEY_UIMainStoryboardFile = Main;
				INFOPLIST_KEY_UISupportedInterfaceOrientations_iPad = "UIInterfaceOrientationPortrait UIInterfaceOrientationPortraitUpsideDown UIInterfaceOrientationLandscapeLeft UIInterfaceOrientationLandscapeRight";
				INFOPLIST_KEY_UISupportedInterfaceOrientations_iPhone = "UIInterfaceOrientationPortrait UIInterfaceOrientationLandscapeLeft UIInterfaceOrientationLandscapeRight";
				IPHONEOS_DEPLOYMENT_TARGET = 16.6;
				LD_RUNPATH_SEARCH_PATHS = (
					"$(inherited)",
					"@executable_path/Frameworks",
				);
				MARKETING_VERSION = 1.0;
				PRODUCT_BUNDLE_IDENTIFIER = marta.rodriguez.Trivia;
				PRODUCT_NAME = "$(TARGET_NAME)";
				SWIFT_EMIT_LOC_STRINGS = YES;
				SWIFT_VERSION = 5.0;
				TARGETED_DEVICE_FAMILY = "1,2";
			};
			name = Debug;
		};
		C13334002CE0CF86008F9E67 /* Release */ = {
			isa = XCBuildConfiguration;
			buildSettings = {
				ASSETCATALOG_COMPILER_APPICON_NAME = AppIcon;
				ASSETCATALOG_COMPILER_GLOBAL_ACCENT_COLOR_NAME = AccentColor;
				CODE_SIGN_STYLE = Automatic;
				CURRENT_PROJECT_VERSION = 1;
				DEVELOPMENT_TEAM = TP657HRV6Y;
				GENERATE_INFOPLIST_FILE = YES;
				INFOPLIST_FILE = Trivia/Info.plist;
				INFOPLIST_KEY_UIApplicationSupportsIndirectInputEvents = YES;
				INFOPLIST_KEY_UILaunchStoryboardName = LaunchScreen;
				INFOPLIST_KEY_UIMainStoryboardFile = Main;
				INFOPLIST_KEY_UISupportedInterfaceOrientations_iPad = "UIInterfaceOrientationPortrait UIInterfaceOrientationPortraitUpsideDown UIInterfaceOrientationLandscapeLeft UIInterfaceOrientationLandscapeRight";
				INFOPLIST_KEY_UISupportedInterfaceOrientations_iPhone = "UIInterfaceOrientationPortrait UIInterfaceOrientationLandscapeLeft UIInterfaceOrientationLandscapeRight";
				IPHONEOS_DEPLOYMENT_TARGET = 16.6;
				LD_RUNPATH_SEARCH_PATHS = (
					"$(inherited)",
					"@executable_path/Frameworks",
				);
				MARKETING_VERSION = 1.0;
				PRODUCT_BUNDLE_IDENTIFIER = marta.rodriguez.Trivia;
				PRODUCT_NAME = "$(TARGET_NAME)";
				SWIFT_EMIT_LOC_STRINGS = YES;
				SWIFT_VERSION = 5.0;
				TARGETED_DEVICE_FAMILY = "1,2";
			};
			name = Release;
		};
		C13334012CE0CF86008F9E67 /* Debug */ = {
			isa = XCBuildConfiguration;
			buildSettings = {
				ALWAYS_SEARCH_USER_PATHS = NO;
				ASSETCATALOG_COMPILER_GENERATE_SWIFT_ASSET_SYMBOL_EXTENSIONS = YES;
				CLANG_ANALYZER_NONNULL = YES;
				CLANG_ANALYZER_NUMBER_OBJECT_CONVERSION = YES_AGGRESSIVE;
				CLANG_CXX_LANGUAGE_STANDARD = "gnu++20";
				CLANG_ENABLE_MODULES = YES;
				CLANG_ENABLE_OBJC_ARC = YES;
				CLANG_ENABLE_OBJC_WEAK = YES;
				CLANG_WARN_BLOCK_CAPTURE_AUTORELEASING = YES;
				CLANG_WARN_BOOL_CONVERSION = YES;
				CLANG_WARN_COMMA = YES;
				CLANG_WARN_CONSTANT_CONVERSION = YES;
				CLANG_WARN_DEPRECATED_OBJC_IMPLEMENTATIONS = YES;
				CLANG_WARN_DIRECT_OBJC_ISA_USAGE = YES_ERROR;
				CLANG_WARN_DOCUMENTATION_COMMENTS = YES;
				CLANG_WARN_EMPTY_BODY = YES;
				CLANG_WARN_ENUM_CONVERSION = YES;
				CLANG_WARN_INFINITE_RECURSION = YES;
				CLANG_WARN_INT_CONVERSION = YES;
				CLANG_WARN_NON_LITERAL_NULL_CONVERSION = YES;
				CLANG_WARN_OBJC_IMPLICIT_RETAIN_SELF = YES;
				CLANG_WARN_OBJC_LITERAL_CONVERSION = YES;
				CLANG_WARN_OBJC_ROOT_CLASS = YES_ERROR;
				CLANG_WARN_QUOTED_INCLUDE_IN_FRAMEWORK_HEADER = YES;
				CLANG_WARN_RANGE_LOOP_ANALYSIS = YES;
				CLANG_WARN_STRICT_PROTOTYPES = YES;
				CLANG_WARN_SUSPICIOUS_MOVE = YES;
				CLANG_WARN_UNGUARDED_AVAILABILITY = YES_AGGRESSIVE;
				CLANG_WARN_UNREACHABLE_CODE = YES;
				CLANG_WARN__DUPLICATE_METHOD_MATCH = YES;
				COPY_PHASE_STRIP = NO;
				DEBUG_INFORMATION_FORMAT = dwarf;
				ENABLE_STRICT_OBJC_MSGSEND = YES;
				ENABLE_TESTABILITY = YES;
				ENABLE_USER_SCRIPT_SANDBOXING = YES;
				GCC_C_LANGUAGE_STANDARD = gnu17;
				GCC_DYNAMIC_NO_PIC = NO;
				GCC_NO_COMMON_BLOCKS = YES;
				GCC_OPTIMIZATION_LEVEL = 0;
				GCC_PREPROCESSOR_DEFINITIONS = (
					"DEBUG=1",
					"$(inherited)",
				);
				GCC_WARN_64_TO_32_BIT_CONVERSION = YES;
				GCC_WARN_ABOUT_RETURN_TYPE = YES_ERROR;
				GCC_WARN_UNDECLARED_SELECTOR = YES;
				GCC_WARN_UNINITIALIZED_AUTOS = YES_AGGRESSIVE;
				GCC_WARN_UNUSED_FUNCTION = YES;
				GCC_WARN_UNUSED_VARIABLE = YES;
				IPHONEOS_DEPLOYMENT_TARGET = 18.1;
				LOCALIZATION_PREFERS_STRING_CATALOGS = YES;
				MTL_ENABLE_DEBUG_INFO = INCLUDE_SOURCE;
				MTL_FAST_MATH = YES;
				ONLY_ACTIVE_ARCH = YES;
				SDKROOT = iphoneos;
				SWIFT_ACTIVE_COMPILATION_CONDITIONS = "DEBUG $(inherited)";
				SWIFT_EMIT_LOC_STRINGS = YES;
				SWIFT_OPTIMIZATION_LEVEL = "-Onone";
			};
			name = Debug;
		};
		C13334022CE0CF86008F9E67 /* Release */ = {
			isa = XCBuildConfiguration;
			buildSettings = {
				ALWAYS_SEARCH_USER_PATHS = NO;
				ASSETCATALOG_COMPILER_GENERATE_SWIFT_ASSET_SYMBOL_EXTENSIONS = YES;
				CLANG_ANALYZER_NONNULL = YES;
				CLANG_ANALYZER_NUMBER_OBJECT_CONVERSION = YES_AGGRESSIVE;
				CLANG_CXX_LANGUAGE_STANDARD = "gnu++20";
				CLANG_ENABLE_MODULES = YES;
				CLANG_ENABLE_OBJC_ARC = YES;
				CLANG_ENABLE_OBJC_WEAK = YES;
				CLANG_WARN_BLOCK_CAPTURE_AUTORELEASING = YES;
				CLANG_WARN_BOOL_CONVERSION = YES;
				CLANG_WARN_COMMA = YES;
				CLANG_WARN_CONSTANT_CONVERSION = YES;
				CLANG_WARN_DEPRECATED_OBJC_IMPLEMENTATIONS = YES;
				CLANG_WARN_DIRECT_OBJC_ISA_USAGE = YES_ERROR;
				CLANG_WARN_DOCUMENTATION_COMMENTS = YES;
				CLANG_WARN_EMPTY_BODY = YES;
				CLANG_WARN_ENUM_CONVERSION = YES;
				CLANG_WARN_INFINITE_RECURSION = YES;
				CLANG_WARN_INT_CONVERSION = YES;
				CLANG_WARN_NON_LITERAL_NULL_CONVERSION = YES;
				CLANG_WARN_OBJC_IMPLICIT_RETAIN_SELF = YES;
				CLANG_WARN_OBJC_LITERAL_CONVERSION = YES;
				CLANG_WARN_OBJC_ROOT_CLASS = YES_ERROR;
				CLANG_WARN_QUOTED_INCLUDE_IN_FRAMEWORK_HEADER = YES;
				CLANG_WARN_RANGE_LOOP_ANALYSIS = YES;
				CLANG_WARN_STRICT_PROTOTYPES = YES;
				CLANG_WARN_SUSPICIOUS_MOVE = YES;
				CLANG_WARN_UNGUARDED_AVAILABILITY = YES_AGGRESSIVE;
				CLANG_WARN_UNREACHABLE_CODE = YES;
				CLANG_WARN__DUPLICATE_METHOD_MATCH = YES;
				COPY_PHASE_STRIP = NO;
				DEBUG_INFORMATION_FORMAT = "dwarf-with-dsym";
				ENABLE_NS_ASSERTIONS = NO;
				ENABLE_STRICT_OBJC_MSGSEND = YES;
				ENABLE_USER_SCRIPT_SANDBOXING = YES;
				GCC_C_LANGUAGE_STANDARD = gnu17;
				GCC_NO_COMMON_BLOCKS = YES;
				GCC_WARN_64_TO_32_BIT_CONVERSION = YES;
				GCC_WARN_ABOUT_RETURN_TYPE = YES_ERROR;
				GCC_WARN_UNDECLARED_SELECTOR = YES;
				GCC_WARN_UNINITIALIZED_AUTOS = YES_AGGRESSIVE;
				GCC_WARN_UNUSED_FUNCTION = YES;
				GCC_WARN_UNUSED_VARIABLE = YES;
				IPHONEOS_DEPLOYMENT_TARGET = 18.1;
				LOCALIZATION_PREFERS_STRING_CATALOGS = YES;
				MTL_ENABLE_DEBUG_INFO = NO;
				MTL_FAST_MATH = YES;
				SDKROOT = iphoneos;
				SWIFT_COMPILATION_MODE = wholemodule;
				SWIFT_EMIT_LOC_STRINGS = YES;
				VALIDATE_PRODUCT = YES;
			};
			name = Release;
		};
/* End XCBuildConfiguration section */

/* Begin XCConfigurationList section */
		C13333E62CE0CF84008F9E67 /* Build configuration list for PBXProject "Trivia" */ = {
			isa = XCConfigurationList;
			buildConfigurations = (
				C13334012CE0CF86008F9E67 /* Debug */,
				C13334022CE0CF86008F9E67 /* Release */,
			);
			defaultConfigurationIsVisible = 0;
			defaultConfigurationName = Release;
		};
		C13333FE2CE0CF86008F9E67 /* Build configuration list for PBXNativeTarget "Trivia" */ = {
			isa = XCConfigurationList;
			buildConfigurations = (
				C13333FF2CE0CF86008F9E67 /* Debug */,
				C13334002CE0CF86008F9E67 /* Release */,
			);
			defaultConfigurationIsVisible = 0;
			defaultConfigurationName = Release;
		};
/* End XCConfigurationList section */

/* Begin XCRemoteSwiftPackageReference section */
		C1F3D75A2CE2550D00F1C0B4 /* XCRemoteSwiftPackageReference "realm-swift" */ = {
			isa = XCRemoteSwiftPackageReference;
			repositoryURL = "https://github.com/realm/realm-swift.git";
			requirement = {
				branch = master;
				kind = branch;
			};
		};
/* End XCRemoteSwiftPackageReference section */

/* Begin XCSwiftPackageProductDependency section */
		C1F3D75D2CE2550D00F1C0B4 /* RealmSwift */ = {
			isa = XCSwiftPackageProductDependency;
			package = C1F3D75A2CE2550D00F1C0B4 /* XCRemoteSwiftPackageReference "realm-swift" */;
			productName = RealmSwift;
		};
/* End XCSwiftPackageProductDependency section */
	};
	rootObject = C13333E32CE0CF84008F9E67 /* Project object */;
}
